<?xml version="1.0" encoding="utf-8"?>
<Project ToolsVersion="4.0" xmlns="http://schemas.microsoft.com/developer/msbuild/2003">
  <ItemGroup>
    <Filter Include="Source Files">
      <UniqueIdentifier>{4FC737F1-C7A5-4376-A066-2A32D752A2FF}</UniqueIdentifier>
      <Extensions>cpp;c;cc;cxx;def;odl;idl;hpj;bat;asm;asmx</Extensions>
    </Filter>
    <Filter Include="Header Files">
      <UniqueIdentifier>{93995380-89BD-4b04-88EB-625FBE52EBFB}</UniqueIdentifier>
      <Extensions>h;hh;hpp;hxx;hm;inl;inc;ipp;xsd</Extensions>
    </Filter>
    <Filter Include="Resource Files">
      <UniqueIdentifier>{67DA6AB6-F800-4c08-8B7A-83BB121AAD01}</UniqueIdentifier>
      <Extensions>rc;ico;cur;bmp;dlg;rc2;rct;bin;rgs;gif;jpg;jpeg;jpe;resx;tiff;tif;png;wav;mfcribbon-ms</Extensions>
    </Filter>
    <Filter Include="Header Files\CommanderStates">
      <UniqueIdentifier>{2c1e383c-a2f6-4913-962e-35b2478e48b2}</UniqueIdentifier>
    </Filter>
    <Filter Include="Source Files\CommanderStates">
      <UniqueIdentifier>{de143153-f952-43b5-a190-048b1792927c}</UniqueIdentifier>
    </Filter>
    <Filter Include="Header Files\SupplyAgentState">
      <UniqueIdentifier>{abba3f46-5b44-4c25-8524-7605803c0dd3}</UniqueIdentifier>
    </Filter>
    <Filter Include="Source Files\SupplyAgentStates">
      <UniqueIdentifier>{9fcdcce4-c48d-4b47-83ca-ede2852f8590}</UniqueIdentifier>
    </Filter>
    <Filter Include="Source Files\DELETE">
      <UniqueIdentifier>{9add8225-2cbb-4187-a8f3-8b9c2995396e}</UniqueIdentifier>
    </Filter>
    <Filter Include="Header Files\DELETE">
      <UniqueIdentifier>{77138a99-83e6-45ff-897b-126182392769}</UniqueIdentifier>
    </Filter>
    <Filter Include="Source Files\WarriorStates">
      <UniqueIdentifier>{40749dce-d3bd-4dd3-ae7e-dfd9bf737121}</UniqueIdentifier>
    </Filter>
    <Filter Include="Header Files\WarriorStates">
      <UniqueIdentifier>{2b7c5dea-836b-497f-a14d-6618b9529611}</UniqueIdentifier>
    </Filter>
  </ItemGroup>
  <ItemGroup>
    <ClCompile Include="main.cpp">
      <Filter>Source Files</Filter>
    </ClCompile>
    <ClCompile Include="NPC.cpp">
      <Filter>Source Files</Filter>
    </ClCompile>
    <ClCompile Include="Map.cpp">
      <Filter>Source Files</Filter>
    </ClCompile>
    <ClCompile Include="Commander.cpp">
      <Filter>Source Files</Filter>
    </ClCompile>
    <ClCompile Include="Warrior.cpp">
      <Filter>Source Files</Filter>
    </ClCompile>
    <ClCompile Include="Cell.cpp">
      <Filter>Source Files</Filter>
    </ClCompile>
    <ClCompile Include="IPathfinding.cpp">
      <Filter>Source Files</Filter>
    </ClCompile>
    <ClCompile Include="SupplyAgent.cpp">
      <Filter>Source Files</Filter>
    </ClCompile>
    <ClCompile Include="Medic.cpp">
      <Filter>Source Files</Filter>
    </ClCompile>
    <ClCompile Include="CommanderAnalyzingState.cpp">
      <Filter>Source Files\CommanderStates</Filter>
    </ClCompile>
    <ClCompile Include="CommanderPlanningState.cpp">
      <Filter>Source Files\CommanderStates</Filter>
    </ClCompile>
    <ClCompile Include="CommanderIssuingOrdersState.cpp">
      <Filter>Source Files\CommanderStates</Filter>
    </ClCompile>
    <ClCompile Include="CommanderRepositioningState.cpp">
      <Filter>Source Files\CommanderStates</Filter>
    </ClCompile>
    <ClCompile Include="SupplyIdleState.cpp">
      <Filter>Source Files\SupplyAgentStates</Filter>
    </ClCompile>
    <ClCompile Include="SupplyGoToWarehouseState.cpp">
      <Filter>Source Files\SupplyAgentStates</Filter>
    </ClCompile>
    <ClCompile Include="SupplyDeliveringState.cpp">
      <Filter>Source Files\SupplyAgentStates</Filter>
    </ClCompile>
    <ClCompile Include="SupplyGoToWarriorState.cpp">
      <Filter>Source Files\SupplyAgentStates</Filter>
    </ClCompile>
    <ClCompile Include="Chopping.cpp">
      <Filter>Source Files\DELETE</Filter>
    </ClCompile>
    <ClCompile Include="Dropping.cpp">
      <Filter>Source Files\DELETE</Filter>
    </ClCompile>
    <ClCompile Include="GoHome.cpp">
      <Filter>Source Files\DELETE</Filter>
    </ClCompile>
    <ClCompile Include="GoToForest.cpp">
      <Filter>Source Files\DELETE</Filter>
    </ClCompile>
    <ClCompile Include="GoToWarehouse.cpp">
      <Filter>Source Files\DELETE</Filter>
    </ClCompile>
    <ClCompile Include="StayAtHome.cpp">
      <Filter>Source Files\DELETE</Filter>
    </ClCompile>
    <ClCompile Include="State.cpp">
      <Filter>Source Files\DELETE</Filter>
    </ClCompile>
    <ClCompile Include="WarriorIdleState.cpp">
      <Filter>Source Files\WarriorStates</Filter>
    </ClCompile>
    <ClCompile Include="WarriorAdvancingState.cpp">
      <Filter>Source Files\WarriorStates</Filter>
    </ClCompile>
    <ClCompile Include="WarriorAttackingState.cpp">
      <Filter>Source Files\WarriorStates</Filter>
    </ClCompile>
    <ClCompile Include="WarriorRetreatingState.cpp">
      <Filter>Source Files\WarriorStates</Filter>
    </ClCompile>
  </ItemGroup>
  <ItemGroup>
    <ClInclude Include="NPC.h">
      <Filter>Header Files</Filter>
    </ClInclude>
    <ClInclude Include="Map.h">
      <Filter>Header Files</Filter>
    </ClInclude>
    <ClInclude Include="Commander.h">
      <Filter>Header Files</Filter>
    </ClInclude>
    <ClInclude Include="Definition.h">
      <Filter>Header Files</Filter>
    </ClInclude>
    <ClInclude Include="Warrior.h">
      <Filter>Header Files</Filter>
    </ClInclude>
    <ClInclude Include="Cell.h">
      <Filter>Header Files</Filter>
    </ClInclude>
    <ClInclude Include="IPathfinding.h">
      <Filter>Header Files</Filter>
    </ClInclude>
    <ClInclude Include="Medic.h">
      <Filter>Header Files</Filter>
    </ClInclude>
    <ClInclude Include="SupplyAgent.h">
      <Filter>Header Files</Filter>
    </ClInclude>
    <ClInclude Include="CommanderState.h">
      <Filter>Header Files\CommanderStates</Filter>
    </ClInclude>
    <ClInclude Include="CommanderAnalyzingState.h">
      <Filter>Header Files\CommanderStates</Filter>
    </ClInclude>
    <ClInclude Include="CommanderPlanningState.h">
      <Filter>Header Files\CommanderStates</Filter>
    </ClInclude>
    <ClInclude Include="CommanderIssuingOrdersState.h">
      <Filter>Header Files\CommanderStates</Filter>
    </ClInclude>
    <ClInclude Include="CommanderRepositioningState.h">
      <Filter>Header Files\CommanderStates</Filter>
    </ClInclude>
    <ClInclude Include="SupplyAgentState.h">
      <Filter>Header Files\SupplyAgentState</Filter>
    </ClInclude>
    <ClInclude Include="SupplyIdleState.h">
      <Filter>Header Files\SupplyAgentState</Filter>
    </ClInclude>
    <ClInclude Include="SupplyGoToWarehouseState.h">
      <Filter>Header Files\SupplyAgentState</Filter>
    </ClInclude>
    <ClInclude Include="SupplyGoToWarriorState.h">
      <Filter>Header Files\SupplyAgentState</Filter>
    </ClInclude>
    <ClInclude Include="SupplyDeliveringState.h">
      <Filter>Header Files\SupplyAgentState</Filter>
    </ClInclude>
    <ClInclude Include="Chopping.h">
      <Filter>Header Files\DELETE</Filter>
    </ClInclude>
    <ClInclude Include="Dropping.h">
      <Filter>Header Files\DELETE</Filter>
    </ClInclude>
    <ClInclude Include="GoHome.h">
      <Filter>Header Files\DELETE</Filter>
    </ClInclude>
    <ClInclude Include="GoToForest.h">
      <Filter>Header Files\DELETE</Filter>
    </ClInclude>
    <ClInclude Include="GoToWarehouse.h">
      <Filter>Header Files\DELETE</Filter>
    </ClInclude>
    <ClInclude Include="StayAtHome.h">
      <Filter>Header Files\DELETE</Filter>
    </ClInclude>
    <ClInclude Include="State.h">
      <Filter>Header Files\DELETE</Filter>
    </ClInclude>
    <ClInclude Include="WarriorState.h">
      <Filter>Header Files\WarriorStates</Filter>
    </ClInclude>
    <ClInclude Include="WarriorIdleState.h">
      <Filter>Header Files\WarriorStates</Filter>
    </ClInclude>
    <ClInclude Include="WarriorAdvancingState.h">
      <Filter>Header Files\WarriorStates</Filter>
    </ClInclude>
    <ClInclude Include="WarriorAttackingState.h">
      <Filter>Header Files\WarriorStates</Filter>
    </ClInclude>
    <ClInclude Include="WarriorRetreatingState.h">
      <Filter>Header Files\WarriorStates</Filter>
    </ClInclude>
  </ItemGroup>
</Project>